
Microsoft Visual Studio Solution File, Format Version 12.00
# Visual Studio Version 16
VisualStudioVersion = 16.0.29613.14
MinimumVisualStudioVersion = 10.0.40219.1
Project("{FAE04EC0-301F-11D3-BF4B-00C04F79EFBC}") = "MongoCore", "MongoCore.csproj", "{8D9D82B1-AA48-43E4-9D37-72C869615F51}"
EndProject
Global
	GlobalSection(SolutionConfigurationPlatforms) = preSolution
		Debug|Any CPU = Debug|Any CPU
		Release|Any CPU = Release|Any CPU
	EndGlobalSection
	GlobalSection(ProjectConfigurationPlatforms) = postSolution
		{8D9D82B1-AA48-43E4-9D37-72C869615F51}.Debug|Any CPU.ActiveCfg = Debug|Any CPU
		{8D9D82B1-AA48-43E4-9D37-72C869615F51}.Debug|Any CPU.Build.0 = Debug|Any CPU
		{8D9D82B1-AA48-43E4-9D37-72C869615F51}.Release|Any CPU.ActiveCfg = Release|Any CPU
		{8D9D82B1-AA48-43E4-9D37-72C869615F51}.Release|Any CPU.Build.0 = Release|Any CPU
	EndGlobalSection
	GlobalSection(SolutionProperties) = preSolution
		HideSolutionNode = FALSE
	EndGlobalSection
	GlobalSection(ExtensibilityGlobals) = postSolution
		SolutionGuid = {2C7A6F46-1227-4681-855C-62FBCDAA89F7}
	EndGlobalSection
EndGlobal
